
Microsoft Visual Studio Solution File, Format Version 12.00
# Visual Studio Version 17
VisualStudioVersion = 17.3.32922.545
MinimumVisualStudioVersion = 10.0.40219.1
Project("{FAE04EC0-301F-11D3-BF4B-00C04F79EFBC}") = "qrCodeCreator", "qrCodeCreator\qrCodeCreator.csproj", "{D3128C27-A6EC-4501-B685-A1A4FEB77BC6}"
EndProject
Global
	GlobalSection(SolutionConfigurationPlatforms) = preSolution
		Debug|Any CPU = Debug|Any CPU
		Release|Any CPU = Release|Any CPU
	EndGlobalSection
	GlobalSection(ProjectConfigurationPlatforms) = postSolution
		{D3128C27-A6EC-4501-B685-A1A4FEB77BC6}.Debug|Any CPU.ActiveCfg = Debug|Any CPU
		{D3128C27-A6EC-4501-B685-A1A4FEB77BC6}.Debug|Any CPU.Build.0 = Debug|Any CPU
		{D3128C27-A6EC-4501-B685-A1A4FEB77BC6}.Release|Any CPU.ActiveCfg = Release|Any CPU
		{D3128C27-A6EC-4501-B685-A1A4FEB77BC6}.Release|Any CPU.Build.0 = Release|Any CPU
	EndGlobalSection
	GlobalSection(SolutionProperties) = preSolution
		HideSolutionNode = FALSE
	EndGlobalSection
	GlobalSection(ExtensibilityGlobals) = postSolution
		SolutionGuid = {E24C9FF9-2EA5-48E2-9EEF-906EA3631623}
	EndGlobalSection
EndGlobal
